
Microsoft Visual Studio Solution File, Format Version 12.00
# Visual Studio Version 17
VisualStudioVersion = 17.2.32526.322
MinimumVisualStudioVersion = 10.0.40219.1
Project("{9A19103F-16F7-4668-BE54-9A1E7A4F7556}") = "LumexUI.Tests", "src\test\LumexUI.Tests\LumexUI.Tests.csproj", "{2D37717C-9FC5-4EAD-93AE-1A79ACD3C945}"
EndProject
Project("{9A19103F-16F7-4668-BE54-9A1E7A4F7556}") = "LumexUI", "src\LumexUI\LumexUI.csproj", "{F5DCF265-756B-4B25-AECA-15B9FF2DCB66}"
EndProject
Project("{2150E333-8FDC-42A3-9474-1A3956D46DE8}") = "Solution Items", "Solution Items", "{F98196F8-3B41-461E-A47A-CC1B80E34C68}"
	ProjectSection(SolutionItems) = preProject
		.editorconfig = .editorconfig
	EndProjectSection
EndProject
Project("{9A19103F-16F7-4668-BE54-9A1E7A4F7556}") = "LumexUI.Utilities", "src\LumexUI.Utilities\LumexUI.Utilities.csproj", "{92A1C629-AB3E-4264-B03D-407E09162902}"
EndProject
Project("{9A19103F-16F7-4668-BE54-9A1E7A4F7556}") = "LumexUI.TestComponents", "src\test\LumexUI.TestComponents\LumexUI.TestComponents.csproj", "{12255509-80D3-470A-976F-4D6A5CBFB6F0}"
EndProject
Project("{9A19103F-16F7-4668-BE54-9A1E7A4F7556}") = "LumexUI.Docs", "docs\LumexUI.Docs\LumexUI.Docs.csproj", "{04BC4C88-2992-450D-BF7C-BD49BFE6CBDF}"
EndProject
Project("{9A19103F-16F7-4668-BE54-9A1E7A4F7556}") = "LumexUI.Docs.Server", "docs\LumexUI.Docs.Server\LumexUI.Docs.Server.csproj", "{85A5E6D0-116C-4EAF-A9A8-7F074625C1F0}"
EndProject
Project("{9A19103F-16F7-4668-BE54-9A1E7A4F7556}") = "LumexUI.Docs.Client", "docs\LumexUI.Docs.Client\LumexUI.Docs.Client.csproj", "{4F70D87A-4766-4249-9B74-0B63A987BB15}"
EndProject
Project("{9A19103F-16F7-4668-BE54-9A1E7A4F7556}") = "LumexUI.Docs.Generator", "docs\LumexUI.Docs.Generator\LumexUI.Docs.Generator.csproj", "{157B8BDD-2EEF-4A69-AEA5-CAA3650CF73C}"
EndProject
Project("{9A19103F-16F7-4668-BE54-9A1E7A4F7556}") = "LumexUI.Grid", "src\LumexUI.Grid\LumexUI.Grid.csproj", "{D5F8849A-34A5-42BD-A2E4-F2E1480A8F47}"
EndProject
Project("{2150E333-8FDC-42A3-9474-1A3956D46DE8}") = "src", "src", "{5DBC44B8-5B92-4504-8B8F-91A1672251E6}"
EndProject
Project("{2150E333-8FDC-42A3-9474-1A3956D46DE8}") = "docs", "docs", "{3F4DE3FA-2636-440C-ACCC-137BAD95BAC4}"
EndProject
Project("{2150E333-8FDC-42A3-9474-1A3956D46DE8}") = "test", "test", "{338397EE-221B-45F5-9DDC-82352ED241A0}"
EndProject
Global
	GlobalSection(SolutionConfigurationPlatforms) = preSolution
		Debug|Any CPU = Debug|Any CPU
		Release|Any CPU = Release|Any CPU
	EndGlobalSection
	GlobalSection(ProjectConfigurationPlatforms) = postSolution
		{2D37717C-9FC5-4EAD-93AE-1A79ACD3C945}.Debug|Any CPU.ActiveCfg = Debug|Any CPU
		{2D37717C-9FC5-4EAD-93AE-1A79ACD3C945}.Debug|Any CPU.Build.0 = Debug|Any CPU
		{2D37717C-9FC5-4EAD-93AE-1A79ACD3C945}.Release|Any CPU.ActiveCfg = Release|Any CPU
		{2D37717C-9FC5-4EAD-93AE-1A79ACD3C945}.Release|Any CPU.Build.0 = Release|Any CPU
		{F5DCF265-756B-4B25-AECA-15B9FF2DCB66}.Debug|Any CPU.ActiveCfg = Debug|Any CPU
		{F5DCF265-756B-4B25-AECA-15B9FF2DCB66}.Debug|Any CPU.Build.0 = Debug|Any CPU
		{F5DCF265-756B-4B25-AECA-15B9FF2DCB66}.Release|Any CPU.ActiveCfg = Release|Any CPU
		{F5DCF265-756B-4B25-AECA-15B9FF2DCB66}.Release|Any CPU.Build.0 = Release|Any CPU
		{92A1C629-AB3E-4264-B03D-407E09162902}.Debug|Any CPU.ActiveCfg = Debug|Any CPU
		{92A1C629-AB3E-4264-B03D-407E09162902}.Debug|Any CPU.Build.0 = Debug|Any CPU
		{92A1C629-AB3E-4264-B03D-407E09162902}.Release|Any CPU.ActiveCfg = Release|Any CPU
		{92A1C629-AB3E-4264-B03D-407E09162902}.Release|Any CPU.Build.0 = Release|Any CPU
		{12255509-80D3-470A-976F-4D6A5CBFB6F0}.Debug|Any CPU.ActiveCfg = Debug|Any CPU
		{12255509-80D3-470A-976F-4D6A5CBFB6F0}.Debug|Any CPU.Build.0 = Debug|Any CPU
		{12255509-80D3-470A-976F-4D6A5CBFB6F0}.Release|Any CPU.ActiveCfg = Release|Any CPU
		{12255509-80D3-470A-976F-4D6A5CBFB6F0}.Release|Any CPU.Build.0 = Release|Any CPU
		{04BC4C88-2992-450D-BF7C-BD49BFE6CBDF}.Debug|Any CPU.ActiveCfg = Debug|Any CPU
		{04BC4C88-2992-450D-BF7C-BD49BFE6CBDF}.Debug|Any CPU.Build.0 = Debug|Any CPU
		{04BC4C88-2992-450D-BF7C-BD49BFE6CBDF}.Release|Any CPU.ActiveCfg = Release|Any CPU
		{04BC4C88-2992-450D-BF7C-BD49BFE6CBDF}.Release|Any CPU.Build.0 = Release|Any CPU
		{85A5E6D0-116C-4EAF-A9A8-7F074625C1F0}.Debug|Any CPU.ActiveCfg = Debug|Any CPU
		{85A5E6D0-116C-4EAF-A9A8-7F074625C1F0}.Debug|Any CPU.Build.0 = Debug|Any CPU
		{85A5E6D0-116C-4EAF-A9A8-7F074625C1F0}.Release|Any CPU.ActiveCfg = Release|Any CPU
		{85A5E6D0-116C-4EAF-A9A8-7F074625C1F0}.Release|Any CPU.Build.0 = Release|Any CPU
		{4F70D87A-4766-4249-9B74-0B63A987BB15}.Debug|Any CPU.ActiveCfg = Debug|Any CPU
		{4F70D87A-4766-4249-9B74-0B63A987BB15}.Debug|Any CPU.Build.0 = Debug|Any CPU
		{4F70D87A-4766-4249-9B74-0B63A987BB15}.Release|Any CPU.ActiveCfg = Release|Any CPU
		{4F70D87A-4766-4249-9B74-0B63A987BB15}.Release|Any CPU.Build.0 = Release|Any CPU
		{157B8BDD-2EEF-4A69-AEA5-CAA3650CF73C}.Debug|Any CPU.ActiveCfg = Debug|Any CPU
		{157B8BDD-2EEF-4A69-AEA5-CAA3650CF73C}.Debug|Any CPU.Build.0 = Debug|Any CPU
		{157B8BDD-2EEF-4A69-AEA5-CAA3650CF73C}.Release|Any CPU.ActiveCfg = Release|Any CPU
		{157B8BDD-2EEF-4A69-AEA5-CAA3650CF73C}.Release|Any CPU.Build.0 = Release|Any CPU
		{D5F8849A-34A5-42BD-A2E4-F2E1480A8F47}.Debug|Any CPU.ActiveCfg = Debug|Any CPU
		{D5F8849A-34A5-42BD-A2E4-F2E1480A8F47}.Debug|Any CPU.Build.0 = Debug|Any CPU
		{D5F8849A-34A5-42BD-A2E4-F2E1480A8F47}.Release|Any CPU.ActiveCfg = Release|Any CPU
		{D5F8849A-34A5-42BD-A2E4-F2E1480A8F47}.Release|Any CPU.Build.0 = Release|Any CPU
	EndGlobalSection
	GlobalSection(SolutionProperties) = preSolution
		HideSolutionNode = FALSE
	EndGlobalSection
	GlobalSection(NestedProjects) = preSolution
		{2D37717C-9FC5-4EAD-93AE-1A79ACD3C945} = {338397EE-221B-45F5-9DDC-82352ED241A0}
		{F5DCF265-756B-4B25-AECA-15B9FF2DCB66} = {5DBC44B8-5B92-4504-8B8F-91A1672251E6}
		{92A1C629-AB3E-4264-B03D-407E09162902} = {5DBC44B8-5B92-4504-8B8F-91A1672251E6}
		{12255509-80D3-470A-976F-4D6A5CBFB6F0} = {338397EE-221B-45F5-9DDC-82352ED241A0}
		{04BC4C88-2992-450D-BF7C-BD49BFE6CBDF} = {3F4DE3FA-2636-440C-ACCC-137BAD95BAC4}
		{85A5E6D0-116C-4EAF-A9A8-7F074625C1F0} = {3F4DE3FA-2636-440C-ACCC-137BAD95BAC4}
		{4F70D87A-4766-4249-9B74-0B63A987BB15} = {3F4DE3FA-2636-440C-ACCC-137BAD95BAC4}
		{157B8BDD-2EEF-4A69-AEA5-CAA3650CF73C} = {3F4DE3FA-2636-440C-ACCC-137BAD95BAC4}
		{D5F8849A-34A5-42BD-A2E4-F2E1480A8F47} = {5DBC44B8-5B92-4504-8B8F-91A1672251E6}
	EndGlobalSection
	GlobalSection(ExtensibilityGlobals) = postSolution
		SolutionGuid = {1B8CD55B-BEF0-42D1-936A-BC1FB5D02CE2}
	EndGlobalSection
EndGlobal
