
Microsoft Visual Studio Solution File, Format Version 12.00
# Visual Studio Version 17
VisualStudioVersion = 17.2.32526.322
MinimumVisualStudioVersion = 10.0.40219.1
Project("{9A19103F-16F7-4668-BE54-9A1E7A4F7556}") = "LumexUI", "src\LumexUI\LumexUI.csproj", "{F5DCF265-756B-4B25-AECA-15B9FF2DCB66}"
EndProject
Project("{2150E333-8FDC-42A3-9474-1A3956D46DE8}") = "Solution Items", "Solution Items", "{F98196F8-3B41-461E-A47A-CC1B80E34C68}"
	ProjectSection(SolutionItems) = preProject
		.editorconfig = .editorconfig
	EndProjectSection
EndProject
Project("{9A19103F-16F7-4668-BE54-9A1E7A4F7556}") = "LumexUI.Utilities", "src\LumexUI.Utilities\LumexUI.Utilities.csproj", "{92A1C629-AB3E-4264-B03D-407E09162902}"
EndProject
Project("{9A19103F-16F7-4668-BE54-9A1E7A4F7556}") = "LumexUI.Docs.Generator", "docs\LumexUI.Docs.Generator\LumexUI.Docs.Generator.csproj", "{157B8BDD-2EEF-4A69-AEA5-CAA3650CF73C}"
EndProject
Project("{2150E333-8FDC-42A3-9474-1A3956D46DE8}") = "src", "src", "{5DBC44B8-5B92-4504-8B8F-91A1672251E6}"
EndProject
Project("{2150E333-8FDC-42A3-9474-1A3956D46DE8}") = "docs", "docs", "{3F4DE3FA-2636-440C-ACCC-137BAD95BAC4}"
EndProject
Project("{2150E333-8FDC-42A3-9474-1A3956D46DE8}") = "tests", "tests", "{898610F1-A6C1-422C-84C9-C1E386957F31}"
EndProject
Project("{9A19103F-16F7-4668-BE54-9A1E7A4F7556}") = "LumexUI.Tests", "tests\LumexUI.Tests\LumexUI.Tests.csproj", "{06E849E9-A8EA-410B-83BC-0366524C4953}"
EndProject
Project("{FAE04EC0-301F-11D3-BF4B-00C04F79EFBC}") = "LumexUI.Docs", "docs\LumexUI.Docs\LumexUI.Docs\LumexUI.Docs.csproj", "{2A341376-2409-422C-A7A9-1AE6E86F91D9}"
EndProject
Project("{FAE04EC0-301F-11D3-BF4B-00C04F79EFBC}") = "LumexUI.Docs.Client", "docs\LumexUI.Docs\LumexUI.Docs.Client\LumexUI.Docs.Client.csproj", "{6CE81AB3-399F-44CB-9DBE-9A8D62B07C8A}"
EndProject
Global
	GlobalSection(SolutionConfigurationPlatforms) = preSolution
		Debug|Any CPU = Debug|Any CPU
		Release|Any CPU = Release|Any CPU
	EndGlobalSection
	GlobalSection(ProjectConfigurationPlatforms) = postSolution
		{F5DCF265-756B-4B25-AECA-15B9FF2DCB66}.Debug|Any CPU.ActiveCfg = Debug|Any CPU
		{F5DCF265-756B-4B25-AECA-15B9FF2DCB66}.Debug|Any CPU.Build.0 = Debug|Any CPU
		{F5DCF265-756B-4B25-AECA-15B9FF2DCB66}.Release|Any CPU.ActiveCfg = Release|Any CPU
		{F5DCF265-756B-4B25-AECA-15B9FF2DCB66}.Release|Any CPU.Build.0 = Release|Any CPU
		{92A1C629-AB3E-4264-B03D-407E09162902}.Debug|Any CPU.ActiveCfg = Debug|Any CPU
		{92A1C629-AB3E-4264-B03D-407E09162902}.Debug|Any CPU.Build.0 = Debug|Any CPU
		{92A1C629-AB3E-4264-B03D-407E09162902}.Release|Any CPU.ActiveCfg = Release|Any CPU
		{92A1C629-AB3E-4264-B03D-407E09162902}.Release|Any CPU.Build.0 = Release|Any CPU
		{157B8BDD-2EEF-4A69-AEA5-CAA3650CF73C}.Debug|Any CPU.ActiveCfg = Debug|Any CPU
		{157B8BDD-2EEF-4A69-AEA5-CAA3650CF73C}.Debug|Any CPU.Build.0 = Debug|Any CPU
		{157B8BDD-2EEF-4A69-AEA5-CAA3650CF73C}.Release|Any CPU.ActiveCfg = Release|Any CPU
		{157B8BDD-2EEF-4A69-AEA5-CAA3650CF73C}.Release|Any CPU.Build.0 = Release|Any CPU
		{06E849E9-A8EA-410B-83BC-0366524C4953}.Debug|Any CPU.ActiveCfg = Debug|Any CPU
		{06E849E9-A8EA-410B-83BC-0366524C4953}.Debug|Any CPU.Build.0 = Debug|Any CPU
		{06E849E9-A8EA-410B-83BC-0366524C4953}.Release|Any CPU.ActiveCfg = Release|Any CPU
		{06E849E9-A8EA-410B-83BC-0366524C4953}.Release|Any CPU.Build.0 = Release|Any CPU
		{2A341376-2409-422C-A7A9-1AE6E86F91D9}.Debug|Any CPU.ActiveCfg = Debug|Any CPU
		{2A341376-2409-422C-A7A9-1AE6E86F91D9}.Debug|Any CPU.Build.0 = Debug|Any CPU
		{2A341376-2409-422C-A7A9-1AE6E86F91D9}.Release|Any CPU.ActiveCfg = Release|Any CPU
		{2A341376-2409-422C-A7A9-1AE6E86F91D9}.Release|Any CPU.Build.0 = Release|Any CPU
		{6CE81AB3-399F-44CB-9DBE-9A8D62B07C8A}.Debug|Any CPU.ActiveCfg = Debug|Any CPU
		{6CE81AB3-399F-44CB-9DBE-9A8D62B07C8A}.Debug|Any CPU.Build.0 = Debug|Any CPU
		{6CE81AB3-399F-44CB-9DBE-9A8D62B07C8A}.Release|Any CPU.ActiveCfg = Release|Any CPU
		{6CE81AB3-399F-44CB-9DBE-9A8D62B07C8A}.Release|Any CPU.Build.0 = Release|Any CPU
	EndGlobalSection
	GlobalSection(SolutionProperties) = preSolution
		HideSolutionNode = FALSE
	EndGlobalSection
	GlobalSection(NestedProjects) = preSolution
		{F5DCF265-756B-4B25-AECA-15B9FF2DCB66} = {5DBC44B8-5B92-4504-8B8F-91A1672251E6}
		{92A1C629-AB3E-4264-B03D-407E09162902} = {5DBC44B8-5B92-4504-8B8F-91A1672251E6}
		{157B8BDD-2EEF-4A69-AEA5-CAA3650CF73C} = {3F4DE3FA-2636-440C-ACCC-137BAD95BAC4}
		{06E849E9-A8EA-410B-83BC-0366524C4953} = {898610F1-A6C1-422C-84C9-C1E386957F31}
		{2A341376-2409-422C-A7A9-1AE6E86F91D9} = {3F4DE3FA-2636-440C-ACCC-137BAD95BAC4}
		{6CE81AB3-399F-44CB-9DBE-9A8D62B07C8A} = {3F4DE3FA-2636-440C-ACCC-137BAD95BAC4}
	EndGlobalSection
	GlobalSection(ExtensibilityGlobals) = postSolution
		SolutionGuid = {1B8CD55B-BEF0-42D1-936A-BC1FB5D02CE2}
	EndGlobalSection
EndGlobal
